
Microsoft Visual Studio Solution File, Format Version 12.00
# Visual Studio Version 16
VisualStudioVersion = 16.0.31613.86
MinimumVisualStudioVersion = 10.0.40219.1
Project("{8BC9CEB8-8B4A-11D0-8D11-00A0C91BC942}") = "List", "List.vcxproj", "{6EF7286B-14BD-4383-84C2-DA0898694980}"
EndProject
Project("{8BC9CEB8-8B4A-11D0-8D11-00A0C91BC942}") = "CircularSingleLinkedList", "..\CircularSingleLinkedList\CircularSingleLinkedList.vcxproj", "{FA0CDFCF-C54F-45FF-AB2B-CDF8FEF24B5C}"
EndProject
Project("{8BC9CEB8-8B4A-11D0-8D11-00A0C91BC942}") = "Editor", "..\Editor\Editor.vcxproj", "{DE08C945-441E-4EAE-A3C9-DA4E986CABEA}"
EndProject
Project("{8BC9CEB8-8B4A-11D0-8D11-00A0C91BC942}") = "KeyLoger", "..\KeyLoger\KeyLoger.vcxproj", "{4F06DE5F-96E3-4EEE-A21D-453790F78041}"
EndProject
Project("{8BC9CEB8-8B4A-11D0-8D11-00A0C91BC942}") = "MyVector", "..\MyVector\MyVector.vcxproj", "{ADDED5FA-A281-43B0-807E-E6BD8A7CA997}"
EndProject
Project("{8BC9CEB8-8B4A-11D0-8D11-00A0C91BC942}") = "Stack", "..\Stack\Stack.vcxproj", "{956DDB3C-8AF6-42BE-9763-E0A61DAF03A3}"
EndProject
Project("{8BC9CEB8-8B4A-11D0-8D11-00A0C91BC942}") = "Queue", "..\Queue\Queue.vcxproj", "{3251CD60-137A-4686-94AE-EA1BCB3FFAD7}"
EndProject
Project("{8BC9CEB8-8B4A-11D0-8D11-00A0C91BC942}") = "BinarySearch", "..\BinarySearch\BinarySearch.vcxproj", "{5FA74B5A-1C4E-4213-9573-7F1636E3C9A3}"
EndProject
Global
	GlobalSection(SolutionConfigurationPlatforms) = preSolution
		Debug|x64 = Debug|x64
		Debug|x86 = Debug|x86
		Release|x64 = Release|x64
		Release|x86 = Release|x86
	EndGlobalSection
	GlobalSection(ProjectConfigurationPlatforms) = postSolution
		{6EF7286B-14BD-4383-84C2-DA0898694980}.Debug|x64.ActiveCfg = Debug|x64
		{6EF7286B-14BD-4383-84C2-DA0898694980}.Debug|x64.Build.0 = Debug|x64
		{6EF7286B-14BD-4383-84C2-DA0898694980}.Debug|x86.ActiveCfg = Debug|Win32
		{6EF7286B-14BD-4383-84C2-DA0898694980}.Debug|x86.Build.0 = Debug|Win32
		{6EF7286B-14BD-4383-84C2-DA0898694980}.Release|x64.ActiveCfg = Release|x64
		{6EF7286B-14BD-4383-84C2-DA0898694980}.Release|x64.Build.0 = Release|x64
		{6EF7286B-14BD-4383-84C2-DA0898694980}.Release|x86.ActiveCfg = Release|Win32
		{6EF7286B-14BD-4383-84C2-DA0898694980}.Release|x86.Build.0 = Release|Win32
		{FA0CDFCF-C54F-45FF-AB2B-CDF8FEF24B5C}.Debug|x64.ActiveCfg = Debug|x64
		{FA0CDFCF-C54F-45FF-AB2B-CDF8FEF24B5C}.Debug|x64.Build.0 = Debug|x64
		{FA0CDFCF-C54F-45FF-AB2B-CDF8FEF24B5C}.Debug|x86.ActiveCfg = Debug|Win32
		{FA0CDFCF-C54F-45FF-AB2B-CDF8FEF24B5C}.Debug|x86.Build.0 = Debug|Win32
		{FA0CDFCF-C54F-45FF-AB2B-CDF8FEF24B5C}.Release|x64.ActiveCfg = Release|x64
		{FA0CDFCF-C54F-45FF-AB2B-CDF8FEF24B5C}.Release|x64.Build.0 = Release|x64
		{FA0CDFCF-C54F-45FF-AB2B-CDF8FEF24B5C}.Release|x86.ActiveCfg = Release|Win32
		{FA0CDFCF-C54F-45FF-AB2B-CDF8FEF24B5C}.Release|x86.Build.0 = Release|Win32
		{DE08C945-441E-4EAE-A3C9-DA4E986CABEA}.Debug|x64.ActiveCfg = Debug|x64
		{DE08C945-441E-4EAE-A3C9-DA4E986CABEA}.Debug|x64.Build.0 = Debug|x64
		{DE08C945-441E-4EAE-A3C9-DA4E986CABEA}.Debug|x86.ActiveCfg = Debug|Win32
		{DE08C945-441E-4EAE-A3C9-DA4E986CABEA}.Debug|x86.Build.0 = Debug|Win32
		{DE08C945-441E-4EAE-A3C9-DA4E986CABEA}.Release|x64.ActiveCfg = Release|x64
		{DE08C945-441E-4EAE-A3C9-DA4E986CABEA}.Release|x64.Build.0 = Release|x64
		{DE08C945-441E-4EAE-A3C9-DA4E986CABEA}.Release|x86.ActiveCfg = Release|Win32
		{DE08C945-441E-4EAE-A3C9-DA4E986CABEA}.Release|x86.Build.0 = Release|Win32
		{4F06DE5F-96E3-4EEE-A21D-453790F78041}.Debug|x64.ActiveCfg = Debug|x64
		{4F06DE5F-96E3-4EEE-A21D-453790F78041}.Debug|x64.Build.0 = Debug|x64
		{4F06DE5F-96E3-4EEE-A21D-453790F78041}.Debug|x86.ActiveCfg = Debug|Win32
		{4F06DE5F-96E3-4EEE-A21D-453790F78041}.Debug|x86.Build.0 = Debug|Win32
		{4F06DE5F-96E3-4EEE-A21D-453790F78041}.Release|x64.ActiveCfg = Release|x64
		{4F06DE5F-96E3-4EEE-A21D-453790F78041}.Release|x64.Build.0 = Release|x64
		{4F06DE5F-96E3-4EEE-A21D-453790F78041}.Release|x86.ActiveCfg = Release|Win32
		{4F06DE5F-96E3-4EEE-A21D-453790F78041}.Release|x86.Build.0 = Release|Win32
		{ADDED5FA-A281-43B0-807E-E6BD8A7CA997}.Debug|x64.ActiveCfg = Debug|x64
		{ADDED5FA-A281-43B0-807E-E6BD8A7CA997}.Debug|x64.Build.0 = Debug|x64
		{ADDED5FA-A281-43B0-807E-E6BD8A7CA997}.Debug|x86.ActiveCfg = Debug|Win32
		{ADDED5FA-A281-43B0-807E-E6BD8A7CA997}.Debug|x86.Build.0 = Debug|Win32
		{ADDED5FA-A281-43B0-807E-E6BD8A7CA997}.Release|x64.ActiveCfg = Release|x64
		{ADDED5FA-A281-43B0-807E-E6BD8A7CA997}.Release|x64.Build.0 = Release|x64
		{ADDED5FA-A281-43B0-807E-E6BD8A7CA997}.Release|x86.ActiveCfg = Release|Win32
		{ADDED5FA-A281-43B0-807E-E6BD8A7CA997}.Release|x86.Build.0 = Release|Win32
		{956DDB3C-8AF6-42BE-9763-E0A61DAF03A3}.Debug|x64.ActiveCfg = Debug|x64
		{956DDB3C-8AF6-42BE-9763-E0A61DAF03A3}.Debug|x64.Build.0 = Debug|x64
		{956DDB3C-8AF6-42BE-9763-E0A61DAF03A3}.Debug|x86.ActiveCfg = Debug|Win32
		{956DDB3C-8AF6-42BE-9763-E0A61DAF03A3}.Debug|x86.Build.0 = Debug|Win32
		{956DDB3C-8AF6-42BE-9763-E0A61DAF03A3}.Release|x64.ActiveCfg = Release|x64
		{956DDB3C-8AF6-42BE-9763-E0A61DAF03A3}.Release|x64.Build.0 = Release|x64
		{956DDB3C-8AF6-42BE-9763-E0A61DAF03A3}.Release|x86.ActiveCfg = Release|Win32
		{956DDB3C-8AF6-42BE-9763-E0A61DAF03A3}.Release|x86.Build.0 = Release|Win32
		{3251CD60-137A-4686-94AE-EA1BCB3FFAD7}.Debug|x64.ActiveCfg = Debug|x64
		{3251CD60-137A-4686-94AE-EA1BCB3FFAD7}.Debug|x64.Build.0 = Debug|x64
		{3251CD60-137A-4686-94AE-EA1BCB3FFAD7}.Debug|x86.ActiveCfg = Debug|Win32
		{3251CD60-137A-4686-94AE-EA1BCB3FFAD7}.Debug|x86.Build.0 = Debug|Win32
		{3251CD60-137A-4686-94AE-EA1BCB3FFAD7}.Release|x64.ActiveCfg = Release|x64
		{3251CD60-137A-4686-94AE-EA1BCB3FFAD7}.Release|x64.Build.0 = Release|x64
		{3251CD60-137A-4686-94AE-EA1BCB3FFAD7}.Release|x86.ActiveCfg = Release|Win32
		{3251CD60-137A-4686-94AE-EA1BCB3FFAD7}.Release|x86.Build.0 = Release|Win32
		{5FA74B5A-1C4E-4213-9573-7F1636E3C9A3}.Debug|x64.ActiveCfg = Debug|x64
		{5FA74B5A-1C4E-4213-9573-7F1636E3C9A3}.Debug|x64.Build.0 = Debug|x64
		{5FA74B5A-1C4E-4213-9573-7F1636E3C9A3}.Debug|x86.ActiveCfg = Debug|Win32
		{5FA74B5A-1C4E-4213-9573-7F1636E3C9A3}.Debug|x86.Build.0 = Debug|Win32
		{5FA74B5A-1C4E-4213-9573-7F1636E3C9A3}.Release|x64.ActiveCfg = Release|x64
		{5FA74B5A-1C4E-4213-9573-7F1636E3C9A3}.Release|x64.Build.0 = Release|x64
		{5FA74B5A-1C4E-4213-9573-7F1636E3C9A3}.Release|x86.ActiveCfg = Release|Win32
		{5FA74B5A-1C4E-4213-9573-7F1636E3C9A3}.Release|x86.Build.0 = Release|Win32
	EndGlobalSection
	GlobalSection(SolutionProperties) = preSolution
		HideSolutionNode = FALSE
	EndGlobalSection
	GlobalSection(ExtensibilityGlobals) = postSolution
		SolutionGuid = {CB69E4E2-3E32-472F-82E5-3BF2C11FE1BC}
	EndGlobalSection
EndGlobal
